// !$*UTF8*$!
{
	archiveVersion = 1;
	classes = {
	};
	objectVersion = 56;
	objects = {

/* Begin PBXBuildFile section */
		1CA069692945B0860055D7D6 /* Splash.swift in Sources */ = {isa = PBXBuildFile; fileRef = 1CA069682945B0860055D7D6 /* Splash.swift */; };
		1CA0698A2945D5EE0055D7D6 /* HomeView.swift in Sources */ = {isa = PBXBuildFile; fileRef = 1CA069892945D5EE0055D7D6 /* HomeView.swift */; };
		1CD1C75B2949BF82005B146C /* PopUpScreen.swift in Sources */ = {isa = PBXBuildFile; fileRef = 1CD1C75A2949BF82005B146C /* PopUpScreen.swift */; };
		A43C823D29483CF000AF873D /* CompanyView.swift in Sources */ = {isa = PBXBuildFile; fileRef = A43C823C29483CF000AF873D /* CompanyView.swift */; };
		A43C823F29486B3F00AF873D /* CompanyDetails.swift in Sources */ = {isa = PBXBuildFile; fileRef = A43C823E29486B3F00AF873D /* CompanyDetails.swift */; };
		A44E6102293E699C005CF07A /* JAZEELApp.swift in Sources */ = {isa = PBXBuildFile; fileRef = A44E6101293E699C005CF07A /* JAZEELApp.swift */; };
		A44E6104293E699C005CF07A /* ContentView.swift in Sources */ = {isa = PBXBuildFile; fileRef = A44E6103293E699C005CF07A /* ContentView.swift */; };
		A44E6106293E699E005CF07A /* Assets.xcassets in Resources */ = {isa = PBXBuildFile; fileRef = A44E6105293E699E005CF07A /* Assets.xcassets */; };
		A44E6109293E699E005CF07A /* Preview Assets.xcassets in Resources */ = {isa = PBXBuildFile; fileRef = A44E6108293E699E005CF07A /* Preview Assets.xcassets */; };
		A44E61332940C33C005CF07A /* CompaniesDetails.swift in Sources */ = {isa = PBXBuildFile; fileRef = A44E61322940C33C005CF07A /* CompaniesDetails.swift */; };
		A44E613529413C80005CF07A /* ViewCompanies.swift in Sources */ = {isa = PBXBuildFile; fileRef = A44E613429413C80005CF07A /* ViewCompanies.swift */; };
		A44EB9E62944F29F00FE54AF /* ConsultantsDetails.swift in Sources */ = {isa = PBXBuildFile; fileRef = A44EB9E52944F29F00FE54AF /* ConsultantsDetails.swift */; };
		A44EB9E82944F39400FE54AF /* ConsultantsView.swift in Sources */ = {isa = PBXBuildFile; fileRef = A44EB9E72944F39400FE54AF /* ConsultantsView.swift */; };
		A44EBA0C29465FC300FE54AF /* CompanyViewVM.swift in Sources */ = {isa = PBXBuildFile; fileRef = A44EBA0B29465FC300FE54AF /* CompanyViewVM.swift */; };
		A4BA08B4294BBC52000DA670 /* DetailBarModel.swift in Sources */ = {isa = PBXBuildFile; fileRef = A4BA08B3294BBC52000DA670 /* DetailBarModel.swift */; };
		A4BA08B6294BBC8F000DA670 /* BookingDetails.swift in Sources */ = {isa = PBXBuildFile; fileRef = A4BA08B5294BBC8F000DA670 /* BookingDetails.swift */; };
		A4BA08B8294BBCD0000DA670 /* BookButton.swift in Sources */ = {isa = PBXBuildFile; fileRef = A4BA08B7294BBCD0000DA670 /* BookButton.swift */; };
		A4BA08BA294BBCFC000DA670 /* Confirmation.swift in Sources */ = {isa = PBXBuildFile; fileRef = A4BA08B9294BBCFC000DA670 /* Confirmation.swift */; };
		A4BA08BC294BBD20000DA670 /* MySessions.swift in Sources */ = {isa = PBXBuildFile; fileRef = A4BA08BB294BBD20000DA670 /* MySessions.swift */; };
/* End PBXBuildFile section */

/* Begin PBXFileReference section */
		1CA069682945B0860055D7D6 /* Splash.swift */ = {isa = PBXFileReference; lastKnownFileType = sourcecode.swift; path = Splash.swift; sourceTree = "<group>"; };
		1CA069892945D5EE0055D7D6 /* HomeView.swift */ = {isa = PBXFileReference; lastKnownFileType = sourcecode.swift; path = HomeView.swift; sourceTree = "<group>"; };
		1CD1C75A2949BF82005B146C /* PopUpScreen.swift */ = {isa = PBXFileReference; lastKnownFileType = sourcecode.swift; path = PopUpScreen.swift; sourceTree = "<group>"; };
		A43C823C29483CF000AF873D /* CompanyView.swift */ = {isa = PBXFileReference; lastKnownFileType = sourcecode.swift; path = CompanyView.swift; sourceTree = "<group>"; };
		A43C823E29486B3F00AF873D /* CompanyDetails.swift */ = {isa = PBXFileReference; lastKnownFileType = sourcecode.swift; path = CompanyDetails.swift; sourceTree = "<group>"; };
		A44E60FE293E699C005CF07A /* JAZEEL.app */ = {isa = PBXFileReference; explicitFileType = wrapper.application; includeInIndex = 0; path = JAZEEL.app; sourceTree = BUILT_PRODUCTS_DIR; };
		A44E6101293E699C005CF07A /* JAZEELApp.swift */ = {isa = PBXFileReference; lastKnownFileType = sourcecode.swift; path = JAZEELApp.swift; sourceTree = "<group>"; };
		A44E6103293E699C005CF07A /* ContentView.swift */ = {isa = PBXFileReference; lastKnownFileType = sourcecode.swift; path = ContentView.swift; sourceTree = "<group>"; };
		A44E6105293E699E005CF07A /* Assets.xcassets */ = {isa = PBXFileReference; lastKnownFileType = folder.assetcatalog; path = Assets.xcassets; sourceTree = "<group>"; };
		A44E6108293E699E005CF07A /* Preview Assets.xcassets */ = {isa = PBXFileReference; lastKnownFileType = folder.assetcatalog; path = "Preview Assets.xcassets"; sourceTree = "<group>"; };
		A44E61322940C33C005CF07A /* CompaniesDetails.swift */ = {isa = PBXFileReference; lastKnownFileType = sourcecode.swift; path = CompaniesDetails.swift; sourceTree = "<group>"; };
		A44E613429413C80005CF07A /* ViewCompanies.swift */ = {isa = PBXFileReference; lastKnownFileType = sourcecode.swift; path = ViewCompanies.swift; sourceTree = "<group>"; };
		A44EB9E52944F29F00FE54AF /* ConsultantsDetails.swift */ = {isa = PBXFileReference; lastKnownFileType = sourcecode.swift; path = ConsultantsDetails.swift; sourceTree = "<group>"; };
		A44EB9E72944F39400FE54AF /* ConsultantsView.swift */ = {isa = PBXFileReference; lastKnownFileType = sourcecode.swift; path = ConsultantsView.swift; sourceTree = "<group>"; };
		A44EBA0B29465FC300FE54AF /* CompanyViewVM.swift */ = {isa = PBXFileReference; lastKnownFileType = sourcecode.swift; path = CompanyViewVM.swift; sourceTree = "<group>"; };
		A4BA08B3294BBC52000DA670 /* DetailBarModel.swift */ = {isa = PBXFileReference; lastKnownFileType = sourcecode.swift; path = DetailBarModel.swift; sourceTree = "<group>"; };
		A4BA08B5294BBC8F000DA670 /* BookingDetails.swift */ = {isa = PBXFileReference; lastKnownFileType = sourcecode.swift; path = BookingDetails.swift; sourceTree = "<group>"; };
		A4BA08B7294BBCD0000DA670 /* BookButton.swift */ = {isa = PBXFileReference; lastKnownFileType = sourcecode.swift; path = BookButton.swift; sourceTree = "<group>"; };
		A4BA08B9294BBCFC000DA670 /* Confirmation.swift */ = {isa = PBXFileReference; lastKnownFileType = sourcecode.swift; path = Confirmation.swift; sourceTree = "<group>"; };
		A4BA08BB294BBD20000DA670 /* MySessions.swift */ = {isa = PBXFileReference; lastKnownFileType = sourcecode.swift; path = MySessions.swift; sourceTree = "<group>"; };
/* End PBXFileReference section */

/* Begin PBXFrameworksBuildPhase section */
		A44E60FB293E699C005CF07A /* Frameworks */ = {
			isa = PBXFrameworksBuildPhase;
			buildActionMask = 2147483647;
			files = (
			);
			runOnlyForDeploymentPostprocessing = 0;
		};
/* End PBXFrameworksBuildPhase section */

/* Begin PBXGroup section */
		A44E60F5293E699C005CF07A = {
			isa = PBXGroup;
			children = (
				A44E6100293E699C005CF07A /* JAZEEL */,
				A44E60FF293E699C005CF07A /* Products */,
			);
			sourceTree = "<group>";
		};
		A44E60FF293E699C005CF07A /* Products */ = {
			isa = PBXGroup;
			children = (
				A44E60FE293E699C005CF07A /* JAZEEL.app */,
			);
			name = Products;
			sourceTree = "<group>";
		};
		A44E6100293E699C005CF07A /* JAZEEL */ = {
			isa = PBXGroup;
			children = (
				A44EBA0A29465F1700FE54AF /* ViewModel */,
				A44EB9E22944E82700FE54AF /* Model */,
				A44EBA0929465E0600FE54AF /* Views */,
				A44E6101293E699C005CF07A /* JAZEELApp.swift */,
				A44E6103293E699C005CF07A /* ContentView.swift */,
				A44E6105293E699E005CF07A /* Assets.xcassets */,
				A44E6107293E699E005CF07A /* Preview Content */,
			);
			path = JAZEEL;
			sourceTree = "<group>";
		};
		A44E6107293E699E005CF07A /* Preview Content */ = {
			isa = PBXGroup;
			children = (
				A44E6108293E699E005CF07A /* Preview Assets.xcassets */,
			);
			path = "Preview Content";
			sourceTree = "<group>";
		};
		A44EB9E22944E82700FE54AF /* Model */ = {
			isa = PBXGroup;
			children = (
				A44E61322940C33C005CF07A /* CompaniesDetails.swift */,
				A44EB9E52944F29F00FE54AF /* ConsultantsDetails.swift */,
				A43C823E29486B3F00AF873D /* CompanyDetails.swift */,
				A4BA08B3294BBC52000DA670 /* DetailBarModel.swift */,
			);
			path = Model;
			sourceTree = "<group>";
		};
		A44EBA0929465E0600FE54AF /* Views */ = {
			isa = PBXGroup;
			children = (
				1CA069682945B0860055D7D6 /* Splash.swift */,
				1CA069892945D5EE0055D7D6 /* HomeView.swift */,
				A44EB9E72944F39400FE54AF /* ConsultantsView.swift */,
				A44E613429413C80005CF07A /* ViewCompanies.swift */,
				A43C823C29483CF000AF873D /* CompanyView.swift */,

				A4BA08B5294BBC8F000DA670 /* BookingDetails.swift */,
				A4BA08B7294BBCD0000DA670 /* BookButton.swift */,
				A4BA08B9294BBCFC000DA670 /* Confirmation.swift */,
				A4BA08BB294BBD20000DA670 /* MySessions.swift */,
				1CD1C75A2949BF82005B146C /* PopUpScreen.swift */,
			);
			path = Views;
			sourceTree = "<group>";
		};
		A44EBA0A29465F1700FE54AF /* ViewModel */ = {
			isa = PBXGroup;
			children = (
				A44EBA0B29465FC300FE54AF /* CompanyViewVM.swift */,
			);
			path = ViewModel;
			sourceTree = "<group>";
		};
/* End PBXGroup section */

/* Begin PBXNativeTarget section */
		A44E60FD293E699C005CF07A /* JAZEEL */ = {
			isa = PBXNativeTarget;
			buildConfigurationList = A44E610C293E699E005CF07A /* Build configuration list for PBXNativeTarget "JAZEEL" */;
			buildPhases = (
				A44E60FA293E699C005CF07A /* Sources */,
				A44E60FB293E699C005CF07A /* Frameworks */,
				A44E60FC293E699C005CF07A /* Resources */,
			);
			buildRules = (
			);
			dependencies = (
			);
			name = JAZEEL;
			productName = JAZEEL;
			productReference = A44E60FE293E699C005CF07A /* JAZEEL.app */;
			productType = "com.apple.product-type.application";
		};
/* End PBXNativeTarget section */

/* Begin PBXProject section */
		A44E60F6293E699C005CF07A /* Project object */ = {
			isa = PBXProject;
			attributes = {
				BuildIndependentTargetsInParallel = 1;
				LastSwiftUpdateCheck = 1410;
				LastUpgradeCheck = 1410;
				TargetAttributes = {
					A44E60FD293E699C005CF07A = {
						CreatedOnToolsVersion = 14.1;
					};
				};
			};
			buildConfigurationList = A44E60F9293E699C005CF07A /* Build configuration list for PBXProject "JAZEEL" */;
			compatibilityVersion = "Xcode 14.0";
			developmentRegion = en;
			hasScannedForEncodings = 0;
			knownRegions = (
				en,
				Base,
			);
			mainGroup = A44E60F5293E699C005CF07A;
			productRefGroup = A44E60FF293E699C005CF07A /* Products */;
			projectDirPath = "";
			projectRoot = "";
			targets = (
				A44E60FD293E699C005CF07A /* JAZEEL */,
			);
		};
/* End PBXProject section */

/* Begin PBXResourcesBuildPhase section */
		A44E60FC293E699C005CF07A /* Resources */ = {
			isa = PBXResourcesBuildPhase;
			buildActionMask = 2147483647;
			files = (
				A44E6109293E699E005CF07A /* Preview Assets.xcassets in Resources */,
				A44E6106293E699E005CF07A /* Assets.xcassets in Resources */,
			);
			runOnlyForDeploymentPostprocessing = 0;
		};
/* End PBXResourcesBuildPhase section */

/* Begin PBXSourcesBuildPhase section */
		A44E60FA293E699C005CF07A /* Sources */ = {
			isa = PBXSourcesBuildPhase;
			buildActionMask = 2147483647;
			files = (
				A4BA08B8294BBCD0000DA670 /* BookButton.swift in Sources */,
				A4BA08B6294BBC8F000DA670 /* BookingDetails.swift in Sources */,
				1CA069692945B0860055D7D6 /* Splash.swift in Sources */,
				A44EBA0C29465FC300FE54AF /* CompanyViewVM.swift in Sources */,
				A44E613529413C80005CF07A /* ViewCompanies.swift in Sources */,
				A44E6104293E699C005CF07A /* ContentView.swift in Sources */,
				A4BA08B4294BBC52000DA670 /* DetailBarModel.swift in Sources */,
				A4BA08BA294BBCFC000DA670 /* Confirmation.swift in Sources */,
				A4BA08BC294BBD20000DA670 /* MySessions.swift in Sources */,
				A43C823F29486B3F00AF873D /* CompanyDetails.swift in Sources */,
				A44E6102293E699C005CF07A /* JAZEELApp.swift in Sources */,
				A44EB9E82944F39400FE54AF /* ConsultantsView.swift in Sources */,
				1CA0698A2945D5EE0055D7D6 /* HomeView.swift in Sources */,
				1CD1C75B2949BF82005B146C /* PopUpScreen.swift in Sources */,
				A44EB9E62944F29F00FE54AF /* ConsultantsDetails.swift in Sources */,
				A43C823D29483CF000AF873D /* CompanyView.swift in Sources */,
				A44E61332940C33C005CF07A /* CompaniesDetails.swift in Sources */,
			);
			runOnlyForDeploymentPostprocessing = 0;
		};
/* End PBXSourcesBuildPhase section */

/* Begin XCBuildConfiguration section */
		A44E610A293E699E005CF07A /* Debug */ = {
			isa = XCBuildConfiguration;
			buildSettings = {
				ALWAYS_SEARCH_USER_PATHS = NO;
				CLANG_ANALYZER_NONNULL = YES;
				CLANG_ANALYZER_NUMBER_OBJECT_CONVERSION = YES_AGGRESSIVE;
				CLANG_CXX_LANGUAGE_STANDARD = "gnu++20";
				CLANG_ENABLE_MODULES = YES;
				CLANG_ENABLE_OBJC_ARC = YES;
				CLANG_ENABLE_OBJC_WEAK = YES;
				CLANG_WARN_BLOCK_CAPTURE_AUTORELEASING = YES;
				CLANG_WARN_BOOL_CONVERSION = YES;
				CLANG_WARN_COMMA = YES;
				CLANG_WARN_CONSTANT_CONVERSION = YES;
				CLANG_WARN_DEPRECATED_OBJC_IMPLEMENTATIONS = YES;
				CLANG_WARN_DIRECT_OBJC_ISA_USAGE = YES_ERROR;
				CLANG_WARN_DOCUMENTATION_COMMENTS = YES;
				CLANG_WARN_EMPTY_BODY = YES;
				CLANG_WARN_ENUM_CONVERSION = YES;
				CLANG_WARN_INFINITE_RECURSION = YES;
				CLANG_WARN_INT_CONVERSION = YES;
				CLANG_WARN_NON_LITERAL_NULL_CONVERSION = YES;
				CLANG_WARN_OBJC_IMPLICIT_RETAIN_SELF = YES;
				CLANG_WARN_OBJC_LITERAL_CONVERSION = YES;
				CLANG_WARN_OBJC_ROOT_CLASS = YES_ERROR;
				CLANG_WARN_QUOTED_INCLUDE_IN_FRAMEWORK_HEADER = YES;
				CLANG_WARN_RANGE_LOOP_ANALYSIS = YES;
				CLANG_WARN_STRICT_PROTOTYPES = YES;
				CLANG_WARN_SUSPICIOUS_MOVE = YES;
				CLANG_WARN_UNGUARDED_AVAILABILITY = YES_AGGRESSIVE;
				CLANG_WARN_UNREACHABLE_CODE = YES;
				CLANG_WARN__DUPLICATE_METHOD_MATCH = YES;
				COPY_PHASE_STRIP = NO;
				DEBUG_INFORMATION_FORMAT = dwarf;
				ENABLE_STRICT_OBJC_MSGSEND = YES;
				ENABLE_TESTABILITY = YES;
				GCC_C_LANGUAGE_STANDARD = gnu11;
				GCC_DYNAMIC_NO_PIC = NO;
				GCC_NO_COMMON_BLOCKS = YES;
				GCC_OPTIMIZATION_LEVEL = 0;
				GCC_PREPROCESSOR_DEFINITIONS = (
					"DEBUG=1",
					"$(inherited)",
				);
				GCC_WARN_64_TO_32_BIT_CONVERSION = YES;
				GCC_WARN_ABOUT_RETURN_TYPE = YES_ERROR;
				GCC_WARN_UNDECLARED_SELECTOR = YES;
				GCC_WARN_UNINITIALIZED_AUTOS = YES_AGGRESSIVE;
				GCC_WARN_UNUSED_FUNCTION = YES;
				GCC_WARN_UNUSED_VARIABLE = YES;
				IPHONEOS_DEPLOYMENT_TARGET = 16.1;
				MTL_ENABLE_DEBUG_INFO = INCLUDE_SOURCE;
				MTL_FAST_MATH = YES;
				ONLY_ACTIVE_ARCH = YES;
				SDKROOT = iphoneos;
				SWIFT_ACTIVE_COMPILATION_CONDITIONS = DEBUG;
				SWIFT_OPTIMIZATION_LEVEL = "-Onone";
			};
			name = Debug;
		};
		A44E610B293E699E005CF07A /* Release */ = {
			isa = XCBuildConfiguration;
			buildSettings = {
				ALWAYS_SEARCH_USER_PATHS = NO;
				CLANG_ANALYZER_NONNULL = YES;
				CLANG_ANALYZER_NUMBER_OBJECT_CONVERSION = YES_AGGRESSIVE;
				CLANG_CXX_LANGUAGE_STANDARD = "gnu++20";
				CLANG_ENABLE_MODULES = YES;
				CLANG_ENABLE_OBJC_ARC = YES;
				CLANG_ENABLE_OBJC_WEAK = YES;
				CLANG_WARN_BLOCK_CAPTURE_AUTORELEASING = YES;
				CLANG_WARN_BOOL_CONVERSION = YES;
				CLANG_WARN_COMMA = YES;
				CLANG_WARN_CONSTANT_CONVERSION = YES;
				CLANG_WARN_DEPRECATED_OBJC_IMPLEMENTATIONS = YES;
				CLANG_WARN_DIRECT_OBJC_ISA_USAGE = YES_ERROR;
				CLANG_WARN_DOCUMENTATION_COMMENTS = YES;
				CLANG_WARN_EMPTY_BODY = YES;
				CLANG_WARN_ENUM_CONVERSION = YES;
				CLANG_WARN_INFINITE_RECURSION = YES;
				CLANG_WARN_INT_CONVERSION = YES;
				CLANG_WARN_NON_LITERAL_NULL_CONVERSION = YES;
				CLANG_WARN_OBJC_IMPLICIT_RETAIN_SELF = YES;
				CLANG_WARN_OBJC_LITERAL_CONVERSION = YES;
				CLANG_WARN_OBJC_ROOT_CLASS = YES_ERROR;
				CLANG_WARN_QUOTED_INCLUDE_IN_FRAMEWORK_HEADER = YES;
				CLANG_WARN_RANGE_LOOP_ANALYSIS = YES;
				CLANG_WARN_STRICT_PROTOTYPES = YES;
				CLANG_WARN_SUSPICIOUS_MOVE = YES;
				CLANG_WARN_UNGUARDED_AVAILABILITY = YES_AGGRESSIVE;
				CLANG_WARN_UNREACHABLE_CODE = YES;
				CLANG_WARN__DUPLICATE_METHOD_MATCH = YES;
				COPY_PHASE_STRIP = NO;
				DEBUG_INFORMATION_FORMAT = "dwarf-with-dsym";
				ENABLE_NS_ASSERTIONS = NO;
				ENABLE_STRICT_OBJC_MSGSEND = YES;
				GCC_C_LANGUAGE_STANDARD = gnu11;
				GCC_NO_COMMON_BLOCKS = YES;
				GCC_WARN_64_TO_32_BIT_CONVERSION = YES;
				GCC_WARN_ABOUT_RETURN_TYPE = YES_ERROR;
				GCC_WARN_UNDECLARED_SELECTOR = YES;
				GCC_WARN_UNINITIALIZED_AUTOS = YES_AGGRESSIVE;
				GCC_WARN_UNUSED_FUNCTION = YES;
				GCC_WARN_UNUSED_VARIABLE = YES;
				IPHONEOS_DEPLOYMENT_TARGET = 16.1;
				MTL_ENABLE_DEBUG_INFO = NO;
				MTL_FAST_MATH = YES;
				SDKROOT = iphoneos;
				SWIFT_COMPILATION_MODE = wholemodule;
				SWIFT_OPTIMIZATION_LEVEL = "-O";
				VALIDATE_PRODUCT = YES;
			};
			name = Release;
		};
		A44E610D293E699E005CF07A /* Debug */ = {
			isa = XCBuildConfiguration;
			buildSettings = {
				ASSETCATALOG_COMPILER_APPICON_NAME = AppIcon;
				ASSETCATALOG_COMPILER_GLOBAL_ACCENT_COLOR_NAME = AccentColor;
				CODE_SIGN_STYLE = Automatic;
				CURRENT_PROJECT_VERSION = 1;
				DEVELOPMENT_ASSET_PATHS = "\"JAZEEL/Preview Content\"";
				DEVELOPMENT_TEAM = 6V3379368L;
				ENABLE_PREVIEWS = YES;
				GENERATE_INFOPLIST_FILE = YES;
				INFOPLIST_KEY_UIApplicationSceneManifest_Generation = YES;
				INFOPLIST_KEY_UIApplicationSupportsIndirectInputEvents = YES;
				INFOPLIST_KEY_UILaunchScreen_Generation = YES;
				INFOPLIST_KEY_UISupportedInterfaceOrientations_iPad = "UIInterfaceOrientationPortrait UIInterfaceOrientationPortraitUpsideDown UIInterfaceOrientationLandscapeLeft UIInterfaceOrientationLandscapeRight";
				INFOPLIST_KEY_UISupportedInterfaceOrientations_iPhone = "UIInterfaceOrientationPortrait UIInterfaceOrientationLandscapeLeft UIInterfaceOrientationLandscapeRight";
				IPHONEOS_DEPLOYMENT_TARGET = 16.0;
				LD_RUNPATH_SEARCH_PATHS = (
					"$(inherited)",
					"@executable_path/Frameworks",
				);
				MARKETING_VERSION = 1.0;
				PRODUCT_BUNDLE_IDENTIFIER = RandFirstApp.com.JAZEEL;
				PRODUCT_NAME = "$(TARGET_NAME)";
				SWIFT_EMIT_LOC_STRINGS = YES;
				SWIFT_VERSION = 5.0;
				TARGETED_DEVICE_FAMILY = "1,2";
			};
			name = Debug;
		};
		A44E610E293E699E005CF07A /* Release */ = {
			isa = XCBuildConfiguration;
			buildSettings = {
				ASSETCATALOG_COMPILER_APPICON_NAME = AppIcon;
				ASSETCATALOG_COMPILER_GLOBAL_ACCENT_COLOR_NAME = AccentColor;
				CODE_SIGN_STYLE = Automatic;
				CURRENT_PROJECT_VERSION = 1;
				DEVELOPMENT_ASSET_PATHS = "\"JAZEEL/Preview Content\"";
				DEVELOPMENT_TEAM = 6V3379368L;
				ENABLE_PREVIEWS = YES;
				GENERATE_INFOPLIST_FILE = YES;
				INFOPLIST_KEY_UIApplicationSceneManifest_Generation = YES;
				INFOPLIST_KEY_UIApplicationSupportsIndirectInputEvents = YES;
				INFOPLIST_KEY_UILaunchScreen_Generation = YES;
				INFOPLIST_KEY_UISupportedInterfaceOrientations_iPad = "UIInterfaceOrientationPortrait UIInterfaceOrientationPortraitUpsideDown UIInterfaceOrientationLandscapeLeft UIInterfaceOrientationLandscapeRight";
				INFOPLIST_KEY_UISupportedInterfaceOrientations_iPhone = "UIInterfaceOrientationPortrait UIInterfaceOrientationLandscapeLeft UIInterfaceOrientationLandscapeRight";
				IPHONEOS_DEPLOYMENT_TARGET = 16.0;
				LD_RUNPATH_SEARCH_PATHS = (
					"$(inherited)",
					"@executable_path/Frameworks",
				);
				MARKETING_VERSION = 1.0;
				PRODUCT_BUNDLE_IDENTIFIER = RandFirstApp.com.JAZEEL;
				PRODUCT_NAME = "$(TARGET_NAME)";
				SWIFT_EMIT_LOC_STRINGS = YES;
				SWIFT_VERSION = 5.0;
				TARGETED_DEVICE_FAMILY = "1,2";
			};
			name = Release;
		};
/* End XCBuildConfiguration section */

/* Begin XCConfigurationList section */
		A44E60F9293E699C005CF07A /* Build configuration list for PBXProject "JAZEEL" */ = {
			isa = XCConfigurationList;
			buildConfigurations = (
				A44E610A293E699E005CF07A /* Debug */,
				A44E610B293E699E005CF07A /* Release */,
			);
			defaultConfigurationIsVisible = 0;
			defaultConfigurationName = Release;
		};
		A44E610C293E699E005CF07A /* Build configuration list for PBXNativeTarget "JAZEEL" */ = {
			isa = XCConfigurationList;
			buildConfigurations = (
				A44E610D293E699E005CF07A /* Debug */,
				A44E610E293E699E005CF07A /* Release */,
			);
			defaultConfigurationIsVisible = 0;
			defaultConfigurationName = Release;
		};
/* End XCConfigurationList section */
	};
	rootObject = A44E60F6293E699C005CF07A /* Project object */;
}
