// !$*UTF8*$!
{
	archiveVersion = 1;
	classes = {
	};
	objectVersion = 56;
	objects = {

/* Begin PBXBuildFile section */
		A44E6102293E699C005CF07A /* JAZEELApp.swift in Sources */ = {isa = PBXBuildFile; fileRef = A44E6101293E699C005CF07A /* JAZEELApp.swift */; };
		A44E6104293E699C005CF07A /* ContentView.swift in Sources */ = {isa = PBXBuildFile; fileRef = A44E6103293E699C005CF07A /* ContentView.swift */; };
		A44E6106293E699E005CF07A /* Assets.xcassets in Resources */ = {isa = PBXBuildFile; fileRef = A44E6105293E699E005CF07A /* Assets.xcassets */; };
		A44E6109293E699E005CF07A /* Preview Assets.xcassets in Resources */ = {isa = PBXBuildFile; fileRef = A44E6108293E699E005CF07A /* Preview Assets.xcassets */; };
		A44E61332940C33C005CF07A /* CompaniesDetails.swift in Sources */ = {isa = PBXBuildFile; fileRef = A44E61322940C33C005CF07A /* CompaniesDetails.swift */; };
		A44E613529413C80005CF07A /* ViewCompanies.swift in Sources */ = {isa = PBXBuildFile; fileRef = A44E613429413C80005CF07A /* ViewCompanies.swift */; };
/* End PBXBuildFile section */

/* Begin PBXFileReference section */
		A44E60FE293E699C005CF07A /* JAZEEL.app */ = {isa = PBXFileReference; explicitFileType = wrapper.application; includeInIndex = 0; path = JAZEEL.app; sourceTree = BUILT_PRODUCTS_DIR; };
		A44E6101293E699C005CF07A /* JAZEELApp.swift */ = {isa = PBXFileReference; lastKnownFileType = sourcecode.swift; path = JAZEELApp.swift; sourceTree = "<group>"; };
		A44E6103293E699C005CF07A /* ContentView.swift */ = {isa = PBXFileReference; lastKnownFileType = sourcecode.swift; path = ContentView.swift; sourceTree = "<group>"; };
		A44E6105293E699E005CF07A /* Assets.xcassets */ = {isa = PBXFileReference; lastKnownFileType = folder.assetcatalog; path = Assets.xcassets; sourceTree = "<group>"; };
		A44E6108293E699E005CF07A /* Preview Assets.xcassets */ = {isa = PBXFileReference; lastKnownFileType = folder.assetcatalog; path = "Preview Assets.xcassets"; sourceTree = "<group>"; };
		A44E61322940C33C005CF07A /* CompaniesDetails.swift */ = {isa = PBXFileReference; lastKnownFileType = sourcecode.swift; path = CompaniesDetails.swift; sourceTree = "<group>"; };
		A44E613429413C80005CF07A /* ViewCompanies.swift */ = {isa = PBXFileReference; lastKnownFileType = sourcecode.swift; path = ViewCompanies.swift; sourceTree = "<group>"; };
/* End PBXFileReference section */

/* Begin PBXFrameworksBuildPhase section */
		A44E60FB293E699C005CF07A /* Frameworks */ = {
			isa = PBXFrameworksBuildPhase;
			buildActionMask = 2147483647;
			files = (
			);
			runOnlyForDeploymentPostprocessing = 0;
		};
/* End PBXFrameworksBuildPhase section */

/* Begin PBXGroup section */
		A44E60F5293E699C005CF07A = {
			isa = PBXGroup;
			children = (
				A44E6100293E699C005CF07A /* JAZEEL */,
				A44E60FF293E699C005CF07A /* Products */,
			);
			sourceTree = "<group>";
		};
		A44E60FF293E699C005CF07A /* Products */ = {
			isa = PBXGroup;
			children = (
				A44E60FE293E699C005CF07A /* JAZEEL.app */,
			);
			name = Products;
			sourceTree = "<group>";
		};
		A44E6100293E699C005CF07A /* JAZEEL */ = {
			isa = PBXGroup;
			children = (
				A44E612E2940C2E3005CF07A /* Companies */,
				A44E6101293E699C005CF07A /* JAZEELApp.swift */,
				A44E6103293E699C005CF07A /* ContentView.swift */,
				A44E6105293E699E005CF07A /* Assets.xcassets */,
				A44E6107293E699E005CF07A /* Preview Content */,
			);
			path = JAZEEL;
			sourceTree = "<group>";
		};
		A44E6107293E699E005CF07A /* Preview Content */ = {
			isa = PBXGroup;
			children = (
				A44E6108293E699E005CF07A /* Preview Assets.xcassets */,
			);
			path = "Preview Content";
			sourceTree = "<group>";
		};
		A44E612E2940C2E3005CF07A /* Companies */ = {
			isa = PBXGroup;
			children = (
				A44E61312940C30A005CF07A /* ViewModel */,
				A44E61302940C302005CF07A /* View */,
				A44E612F2940C2F4005CF07A /* Model */,
			);
			path = Companies;
			sourceTree = "<group>";
		};
		A44E612F2940C2F4005CF07A /* Model */ = {
			isa = PBXGroup;
			children = (
				A44E61322940C33C005CF07A /* CompaniesDetails.swift */,
			);
			path = Model;
			sourceTree = "<group>";
		};
		A44E61302940C302005CF07A /* View */ = {
			isa = PBXGroup;
			children = (
				A44E613429413C80005CF07A /* ViewCompanies.swift */,
			);
			path = View;
			sourceTree = "<group>";
		};
		A44E61312940C30A005CF07A /* ViewModel */ = {
			isa = PBXGroup;
			children = (
			);
			path = ViewModel;
			sourceTree = "<group>";
		};
/* End PBXGroup section */

/* Begin PBXNativeTarget section */
		A44E60FD293E699C005CF07A /* JAZEEL */ = {
			isa = PBXNativeTarget;
			buildConfigurationList = A44E610C293E699E005CF07A /* Build configuration list for PBXNativeTarget "JAZEEL" */;
			buildPhases = (
				A44E60FA293E699C005CF07A /* Sources */,
				A44E60FB293E699C005CF07A /* Frameworks */,
				A44E60FC293E699C005CF07A /* Resources */,
			);
			buildRules = (
			);
			dependencies = (
			);
			name = JAZEEL;
			productName = JAZEEL;
			productReference = A44E60FE293E699C005CF07A /* JAZEEL.app */;
			productType = "com.apple.product-type.application";
		};
/* End PBXNativeTarget section */

/* Begin PBXProject section */
		A44E60F6293E699C005CF07A /* Project object */ = {
			isa = PBXProject;
			attributes = {
				BuildIndependentTargetsInParallel = 1;
				LastSwiftUpdateCheck = 1410;
				LastUpgradeCheck = 1410;
				TargetAttributes = {
					A44E60FD293E699C005CF07A = {
						CreatedOnToolsVersion = 14.1;
					};
				};
			};
			buildConfigurationList = A44E60F9293E699C005CF07A /* Build configuration list for PBXProject "JAZEEL" */;
			compatibilityVersion = "Xcode 14.0";
			developmentRegion = en;
			hasScannedForEncodings = 0;
			knownRegions = (
				en,
				Base,
			);
			mainGroup = A44E60F5293E699C005CF07A;
			productRefGroup = A44E60FF293E699C005CF07A /* Products */;
			projectDirPath = "";
			projectRoot = "";
			targets = (
				A44E60FD293E699C005CF07A /* JAZEEL */,
			);
		};
/* End PBXProject section */

/* Begin PBXResourcesBuildPhase section */
		A44E60FC293E699C005CF07A /* Resources */ = {
			isa = PBXResourcesBuildPhase;
			buildActionMask = 2147483647;
			files = (
				A44E6109293E699E005CF07A /* Preview Assets.xcassets in Resources */,
				A44E6106293E699E005CF07A /* Assets.xcassets in Resources */,
			);
			runOnlyForDeploymentPostprocessing = 0;
		};
/* End PBXResourcesBuildPhase section */

/* Begin PBXSourcesBuildPhase section */
		A44E60FA293E699C005CF07A /* Sources */ = {
			isa = PBXSourcesBuildPhase;
			buildActionMask = 2147483647;
			files = (
				A44E613529413C80005CF07A /* ViewCompanies.swift in Sources */,
				A44E6104293E699C005CF07A /* ContentView.swift in Sources */,
				A44E6102293E699C005CF07A /* JAZEELApp.swift in Sources */,
				A44E61332940C33C005CF07A /* CompaniesDetails.swift in Sources */,
			);
			runOnlyForDeploymentPostprocessing = 0;
		};
/* End PBXSourcesBuildPhase section */

/* Begin XCBuildConfiguration section */
		A44E610A293E699E005CF07A /* Debug */ = {
			isa = XCBuildConfiguration;
			buildSettings = {
				ALWAYS_SEARCH_USER_PATHS = NO;
				CLANG_ANALYZER_NONNULL = YES;
				CLANG_ANALYZER_NUMBER_OBJECT_CONVERSION = YES_AGGRESSIVE;
				CLANG_CXX_LANGUAGE_STANDARD = "gnu++20";
				CLANG_ENABLE_MODULES = YES;
				CLANG_ENABLE_OBJC_ARC = YES;
				CLANG_ENABLE_OBJC_WEAK = YES;
				CLANG_WARN_BLOCK_CAPTURE_AUTORELEASING = YES;
				CLANG_WARN_BOOL_CONVERSION = YES;
				CLANG_WARN_COMMA = YES;
				CLANG_WARN_CONSTANT_CONVERSION = YES;
				CLANG_WARN_DEPRECATED_OBJC_IMPLEMENTATIONS = YES;
				CLANG_WARN_DIRECT_OBJC_ISA_USAGE = YES_ERROR;
				CLANG_WARN_DOCUMENTATION_COMMENTS = YES;
				CLANG_WARN_EMPTY_BODY = YES;
				CLANG_WARN_ENUM_CONVERSION = YES;
				CLANG_WARN_INFINITE_RECURSION = YES;
				CLANG_WARN_INT_CONVERSION = YES;
				CLANG_WARN_NON_LITERAL_NULL_CONVERSION = YES;
				CLANG_WARN_OBJC_IMPLICIT_RETAIN_SELF = YES;
				CLANG_WARN_OBJC_LITERAL_CONVERSION = YES;
				CLANG_WARN_OBJC_ROOT_CLASS = YES_ERROR;
				CLANG_WARN_QUOTED_INCLUDE_IN_FRAMEWORK_HEADER = YES;
				CLANG_WARN_RANGE_LOOP_ANALYSIS = YES;
				CLANG_WARN_STRICT_PROTOTYPES = YES;
				CLANG_WARN_SUSPICIOUS_MOVE = YES;
				CLANG_WARN_UNGUARDED_AVAILABILITY = YES_AGGRESSIVE;
				CLANG_WARN_UNREACHABLE_CODE = YES;
				CLANG_WARN__DUPLICATE_METHOD_MATCH = YES;
				COPY_PHASE_STRIP = NO;
				DEBUG_INFORMATION_FORMAT = dwarf;
				ENABLE_STRICT_OBJC_MSGSEND = YES;
				ENABLE_TESTABILITY = YES;
				GCC_C_LANGUAGE_STANDARD = gnu11;
				GCC_DYNAMIC_NO_PIC = NO;
				GCC_NO_COMMON_BLOCKS = YES;
				GCC_OPTIMIZATION_LEVEL = 0;
				GCC_PREPROCESSOR_DEFINITIONS = (
					"DEBUG=1",
					"$(inherited)",
				);
				GCC_WARN_64_TO_32_BIT_CONVERSION = YES;
				GCC_WARN_ABOUT_RETURN_TYPE = YES_ERROR;
				GCC_WARN_UNDECLARED_SELECTOR = YES;
				GCC_WARN_UNINITIALIZED_AUTOS = YES_AGGRESSIVE;
				GCC_WARN_UNUSED_FUNCTION = YES;
				GCC_WARN_UNUSED_VARIABLE = YES;
				IPHONEOS_DEPLOYMENT_TARGET = 16.1;
				MTL_ENABLE_DEBUG_INFO = INCLUDE_SOURCE;
				MTL_FAST_MATH = YES;
				ONLY_ACTIVE_ARCH = YES;
				SDKROOT = iphoneos;
				SWIFT_ACTIVE_COMPILATION_CONDITIONS = DEBUG;
				SWIFT_OPTIMIZATION_LEVEL = "-Onone";
			};
			name = Debug;
		};
		A44E610B293E699E005CF07A /* Release */ = {
			isa = XCBuildConfiguration;
			buildSettings = {
				ALWAYS_SEARCH_USER_PATHS = NO;
				CLANG_ANALYZER_NONNULL = YES;
				CLANG_ANALYZER_NUMBER_OBJECT_CONVERSION = YES_AGGRESSIVE;
				CLANG_CXX_LANGUAGE_STANDARD = "gnu++20";
				CLANG_ENABLE_MODULES = YES;
				CLANG_ENABLE_OBJC_ARC = YES;
				CLANG_ENABLE_OBJC_WEAK = YES;
				CLANG_WARN_BLOCK_CAPTURE_AUTORELEASING = YES;
				CLANG_WARN_BOOL_CONVERSION = YES;
				CLANG_WARN_COMMA = YES;
				CLANG_WARN_CONSTANT_CONVERSION = YES;
				CLANG_WARN_DEPRECATED_OBJC_IMPLEMENTATIONS = YES;
				CLANG_WARN_DIRECT_OBJC_ISA_USAGE = YES_ERROR;
				CLANG_WARN_DOCUMENTATION_COMMENTS = YES;
				CLANG_WARN_EMPTY_BODY = YES;
				CLANG_WARN_ENUM_CONVERSION = YES;
				CLANG_WARN_INFINITE_RECURSION = YES;
				CLANG_WARN_INT_CONVERSION = YES;
				CLANG_WARN_NON_LITERAL_NULL_CONVERSION = YES;
				CLANG_WARN_OBJC_IMPLICIT_RETAIN_SELF = YES;
				CLANG_WARN_OBJC_LITERAL_CONVERSION = YES;
				CLANG_WARN_OBJC_ROOT_CLASS = YES_ERROR;
				CLANG_WARN_QUOTED_INCLUDE_IN_FRAMEWORK_HEADER = YES;
				CLANG_WARN_RANGE_LOOP_ANALYSIS = YES;
				CLANG_WARN_STRICT_PROTOTYPES = YES;
				CLANG_WARN_SUSPICIOUS_MOVE = YES;
				CLANG_WARN_UNGUARDED_AVAILABILITY = YES_AGGRESSIVE;
				CLANG_WARN_UNREACHABLE_CODE = YES;
				CLANG_WARN__DUPLICATE_METHOD_MATCH = YES;
				COPY_PHASE_STRIP = NO;
				DEBUG_INFORMATION_FORMAT = "dwarf-with-dsym";
				ENABLE_NS_ASSERTIONS = NO;
				ENABLE_STRICT_OBJC_MSGSEND = YES;
				GCC_C_LANGUAGE_STANDARD = gnu11;
				GCC_NO_COMMON_BLOCKS = YES;
				GCC_WARN_64_TO_32_BIT_CONVERSION = YES;
				GCC_WARN_ABOUT_RETURN_TYPE = YES_ERROR;
				GCC_WARN_UNDECLARED_SELECTOR = YES;
				GCC_WARN_UNINITIALIZED_AUTOS = YES_AGGRESSIVE;
				GCC_WARN_UNUSED_FUNCTION = YES;
				GCC_WARN_UNUSED_VARIABLE = YES;
				IPHONEOS_DEPLOYMENT_TARGET = 16.1;
				MTL_ENABLE_DEBUG_INFO = NO;
				MTL_FAST_MATH = YES;
				SDKROOT = iphoneos;
				SWIFT_COMPILATION_MODE = wholemodule;
				SWIFT_OPTIMIZATION_LEVEL = "-O";
				VALIDATE_PRODUCT = YES;
			};
			name = Release;
		};
		A44E610D293E699E005CF07A /* Debug */ = {
			isa = XCBuildConfiguration;
			buildSettings = {
				ASSETCATALOG_COMPILER_APPICON_NAME = AppIcon;
				ASSETCATALOG_COMPILER_GLOBAL_ACCENT_COLOR_NAME = AccentColor;
				CODE_SIGN_STYLE = Automatic;
				CURRENT_PROJECT_VERSION = 1;
				DEVELOPMENT_ASSET_PATHS = "\"JAZEEL/Preview Content\"";
				ENABLE_PREVIEWS = YES;
				GENERATE_INFOPLIST_FILE = YES;
				INFOPLIST_KEY_UIApplicationSceneManifest_Generation = YES;
				INFOPLIST_KEY_UIApplicationSupportsIndirectInputEvents = YES;
				INFOPLIST_KEY_UILaunchScreen_Generation = YES;
				INFOPLIST_KEY_UISupportedInterfaceOrientations_iPad = "UIInterfaceOrientationPortrait UIInterfaceOrientationPortraitUpsideDown UIInterfaceOrientationLandscapeLeft UIInterfaceOrientationLandscapeRight";
				INFOPLIST_KEY_UISupportedInterfaceOrientations_iPhone = "UIInterfaceOrientationPortrait UIInterfaceOrientationLandscapeLeft UIInterfaceOrientationLandscapeRight";
				LD_RUNPATH_SEARCH_PATHS = (
					"$(inherited)",
					"@executable_path/Frameworks",
				);
				MARKETING_VERSION = 1.0;
				PRODUCT_BUNDLE_IDENTIFIER = RandFirstApp.com.JAZEEL;
				PRODUCT_NAME = "$(TARGET_NAME)";
				SWIFT_EMIT_LOC_STRINGS = YES;
				SWIFT_VERSION = 5.0;
				TARGETED_DEVICE_FAMILY = "1,2";
			};
			name = Debug;
		};
		A44E610E293E699E005CF07A /* Release */ = {
			isa = XCBuildConfiguration;
			buildSettings = {
				ASSETCATALOG_COMPILER_APPICON_NAME = AppIcon;
				ASSETCATALOG_COMPILER_GLOBAL_ACCENT_COLOR_NAME = AccentColor;
				CODE_SIGN_STYLE = Automatic;
				CURRENT_PROJECT_VERSION = 1;
				DEVELOPMENT_ASSET_PATHS = "\"JAZEEL/Preview Content\"";
				ENABLE_PREVIEWS = YES;
				GENERATE_INFOPLIST_FILE = YES;
				INFOPLIST_KEY_UIApplicationSceneManifest_Generation = YES;
				INFOPLIST_KEY_UIApplicationSupportsIndirectInputEvents = YES;
				INFOPLIST_KEY_UILaunchScreen_Generation = YES;
				INFOPLIST_KEY_UISupportedInterfaceOrientations_iPad = "UIInterfaceOrientationPortrait UIInterfaceOrientationPortraitUpsideDown UIInterfaceOrientationLandscapeLeft UIInterfaceOrientationLandscapeRight";
				INFOPLIST_KEY_UISupportedInterfaceOrientations_iPhone = "UIInterfaceOrientationPortrait UIInterfaceOrientationLandscapeLeft UIInterfaceOrientationLandscapeRight";
				LD_RUNPATH_SEARCH_PATHS = (
					"$(inherited)",
					"@executable_path/Frameworks",
				);
				MARKETING_VERSION = 1.0;
				PRODUCT_BUNDLE_IDENTIFIER = RandFirstApp.com.JAZEEL;
				PRODUCT_NAME = "$(TARGET_NAME)";
				SWIFT_EMIT_LOC_STRINGS = YES;
				SWIFT_VERSION = 5.0;
				TARGETED_DEVICE_FAMILY = "1,2";
			};
			name = Release;
		};
/* End XCBuildConfiguration section */

/* Begin XCConfigurationList section */
		A44E60F9293E699C005CF07A /* Build configuration list for PBXProject "JAZEEL" */ = {
			isa = XCConfigurationList;
			buildConfigurations = (
				A44E610A293E699E005CF07A /* Debug */,
				A44E610B293E699E005CF07A /* Release */,
			);
			defaultConfigurationIsVisible = 0;
			defaultConfigurationName = Release;
		};
		A44E610C293E699E005CF07A /* Build configuration list for PBXNativeTarget "JAZEEL" */ = {
			isa = XCConfigurationList;
			buildConfigurations = (
				A44E610D293E699E005CF07A /* Debug */,
				A44E610E293E699E005CF07A /* Release */,
			);
			defaultConfigurationIsVisible = 0;
			defaultConfigurationName = Release;
		};
/* End XCConfigurationList section */
	};
	rootObject = A44E60F6293E699C005CF07A /* Project object */;
}
